github.com/jinzhu/inflection v1.0.0 h1:K317FqzuhWc8YvSVlFMCCUb36O/S9MCKRDI7QkRKD/E=
github.com/jinzhu/inflection v1.0.0/go.mod h1:h+uFLlag+Qp1Va5pdKtLDYj+kHp5pxUVkryuEj+Srlc=
github.com/jinzhu/now v1.1.5 h1:/o9tlHleP7gOFmsnYNz3RGnqzefHA47wQpKrrdTIwXQ=
github.com/jinzhu/now v1.1.5/go.mod h1:d3SSVoowX0Lcu0IBviAWJpolVfI5UJVZZ7cO71lE/z8=
github.com/mattn/go-sqlite3 v1.14.22 h1:2gZY6PC6kBnID23Tichd1K+Z0oS6nE/XwU+Vz/5o4kU=
github.com/mattn/go-sqlite3 v1.14.22/go.mod h1:Uh1q+B4BYcTPb+yiD3kU8Ct7aC0hY9fxUwlHK0RXw+Y=
github.com/zhangyiming748/GetAllFolder v0.0.20 h1:1HR+wKCP6lYIUXXpxcmp4ba1U8n6uz5QSTgvVVqZkEE=
github.com/zhangyiming748/GetAllFolder v0.0.20/go.mod h1:uhdqD8XPoOOVj9ywdbAh0CkGaM7kJpfQEiwPjk9NSD4=
github.com/zhangyiming748/GetFileInfo v0.0.41 h1:HMC+86UU6rvYufxuaY46nfA05DlX71s1/RrSSSZvWec=
github.com/zhangyiming748/GetFileInfo v0.0.41/go.mod h1:D76EP151kuBY59SWz0nU3XdyDEPPUyFZxHq0cJCgvj8=
github.com/zhangyiming748/filetype v0.0.1 h1:C7a49LHKzqiYAiw/u2lTmPU6gP6Nwb6/sSDBmBMoJ/k=
github.com/zhangyiming748/filetype v0.0.1/go.mod h1:DFFw06VgsQVSriUKe95IC+HKaY4u6hCCbXJE1L1HNUk=
gorm.io/driver/sqlite v1.5.5 h1:7MDMtUZhV065SilG62E0MquljeArQZNfJnjd9i9gx3E=
gorm.io/driver/sqlite v1.5.5/go.mod h1:6NgQ7sQWAIFsPrJJl1lSNSu2TABh0ZZ/zm5fosATavE=
gorm.io/gorm v1.25.7 h1:VsD6acwRjz2zFxGO50gPO6AkNs7KKnvfzUjHQhZDz/A=
gorm.io/gorm v1.25.7/go.mod h1:hbnx/Oo0ChWMn1BIhpy1oYozzpM15i4YPuHDmfYtwg8=
