github.com/zhangyiming748/log v0.0.3 h1:SL2zmxLElyuT4AyVegxm2hEPT1ZAw6V0J5kRIUjKEss=
github.com/zhangyiming748/log v0.0.3/go.mod h1:0AuXMXYc1C1Q1nH2H4vipsrOTfANNf4oaZtDcT2GKk4=
github.com/zhangyiming748/replace v0.0.2 h1:TnXqW3V7yn7zpg71BhiDSjOdg11cJjf5W1Ud5cQUULA=
github.com/zhangyiming748/replace v0.0.2/go.mod h1:R3otYn+0qxaHOVaz0LafMwoDjhTexJijrLgfcDyOYCQ=
