github.com/zhangyiming748/replace v0.0.8 h1:MeFF+j0tq5Yy/u8VjjH5g2dxd5EOsFxSyckbZsnvbaQ=
github.com/zhangyiming748/replace v0.0.8/go.mod h1:R3otYn+0qxaHOVaz0LafMwoDjhTexJijrLgfcDyOYCQ=
golang.org/x/exp v0.0.0-20230522175609-2e198f4a06a1 h1:k/i9J1pBpvlfR+9QsetwPyERsqu1GIbi967PQMq3Ivc=
golang.org/x/exp v0.0.0-20230522175609-2e198f4a06a1/go.mod h1:V1LtkGg67GoY2N1AnLN78QLrzxkLyJw7RJb1gzOOz9w=
